<?xml version="1.0" encoding="utf-8"?>
<Project ToolsVersion="4.0" xmlns="http://schemas.microsoft.com/developer/msbuild/2003">
  <ItemGroup>
    <Filter Include="Source Files">
      <UniqueIdentifier>{4FC737F1-C7A5-4376-A066-2A32D752A2FF}</UniqueIdentifier>
      <Extensions>cpp;c;cc;cxx;def;odl;idl;hpj;bat;asm;asmx</Extensions>
    </Filter>
    <Filter Include="Header Files">
      <UniqueIdentifier>{93995380-89BD-4b04-88EB-625FBE52EBFB}</UniqueIdentifier>
      <Extensions>h;hpp;hxx;hm;inl;inc;xsd</Extensions>
    </Filter>
    <Filter Include="Resource Files">
      <UniqueIdentifier>{67DA6AB6-F800-4c08-8B7A-83BB121AAD01}</UniqueIdentifier>
      <Extensions>rc;ico;cur;bmp;dlg;rc2;rct;bin;rgs;gif;jpg;jpeg;jpe;resx;tiff;tif;png;wav;mfcribbon-ms</Extensions>
    </Filter>
  </ItemGroup>
  <ItemGroup>
    <ClInclude Include="GraphicDefines.h">
      <Filter>Header Files</Filter>
    </ClInclude>
    <ClInclude Include="GraphicEngineController.h">
      <Filter>Header Files</Filter>
    </ClInclude>
    <ClInclude Include="GUI.h">
      <Filter>Header Files</Filter>
    </ClInclude>
    <ClInclude Include="GUIEventInterface.h">
      <Filter>Header Files</Filter>
    </ClInclude>
    <ClInclude Include="Manipulator.h">
      <Filter>Header Files</Filter>
    </ClInclude>
    <ClInclude Include="MathDeleted.h">
      <Filter>Header Files</Filter>
    </ClInclude>
    <ClInclude Include="ToolBarBase.h">
      <Filter>Header Files</Filter>
    </ClInclude>
    <ClInclude Include="ToolBarCamera.h">
      <Filter>Header Files</Filter>
    </ClInclude>
    <ClInclude Include="ToolBarLight.h">
      <Filter>Header Files</Filter>
    </ClInclude>
    <ClInclude Include="ToolBarMain.h">
      <Filter>Header Files</Filter>
    </ClInclude>
    <ClInclude Include="ToolBarMainTop.h">
      <Filter>Header Files</Filter>
    </ClInclude>
    <ClInclude Include="ToolBarMesh.h">
      <Filter>Header Files</Filter>
    </ClInclude>
    <ClInclude Include="ToolBarsEventInterface.h">
      <Filter>Header Files</Filter>
    </ClInclude>
    <ClInclude Include="UIWin32.h">
      <Filter>Header Files</Filter>
    </ClInclude>
    <ClInclude Include="UltraSystem.h">
      <Filter>Header Files</Filter>
    </ClInclude>
    <ClInclude Include="..\..\..\..\..\box\libpng-1.6.17\png.h">
      <Filter>Header Files</Filter>
    </ClInclude>
    <ClInclude Include="..\..\..\..\..\box\libpng-1.6.17\pngconf.h">
      <Filter>Header Files</Filter>
    </ClInclude>
    <ClInclude Include="..\..\..\..\..\box\libpng-1.6.17\pngdebug.h">
      <Filter>Header Files</Filter>
    </ClInclude>
    <ClInclude Include="..\..\..\..\..\box\libpng-1.6.17\pnginfo.h">
      <Filter>Header Files</Filter>
    </ClInclude>
    <ClInclude Include="..\..\..\..\..\box\libpng-1.6.17\pnglibconf.h">
      <Filter>Header Files</Filter>
    </ClInclude>
    <ClInclude Include="..\..\..\..\..\box\libpng-1.6.17\pngpriv.h">
      <Filter>Header Files</Filter>
    </ClInclude>
    <ClInclude Include="..\..\..\..\..\box\libpng-1.6.17\pngstruct.h">
      <Filter>Header Files</Filter>
    </ClInclude>
    <ClInclude Include="HistoryEvents.h">
      <Filter>Header Files</Filter>
    </ClInclude>
    <ClInclude Include="\\mac\code\UltraVision_2\UltraVision\engine\BaseLight.h">
      <Filter>Header Files</Filter>
    </ClInclude>
    <ClInclude Include="\\mac\code\UltraVision_2\UltraVision\engine\BaseRenderObject.h">
      <Filter>Header Files</Filter>
    </ClInclude>
    <ClInclude Include="\\mac\code\UltraVision_2\UltraVision\engine\BVH.h">
      <Filter>Header Files</Filter>
    </ClInclude>
    <ClInclude Include="\\mac\code\UltraVision_2\UltraVision\engine\Camera.h">
      <Filter>Header Files</Filter>
    </ClInclude>
    <ClInclude Include="\\mac\code\UltraVision_2\UltraVision\engine\CompressedTextureFormats.h">
      <Filter>Header Files</Filter>
    </ClInclude>
    <ClInclude Include="\\mac\code\UltraVision_2\UltraVision\engine\DynamicEntity.h">
      <Filter>Header Files</Filter>
    </ClInclude>
    <ClInclude Include="\\mac\code\UltraVision_2\UltraVision\engine\FileLoader.h">
      <Filter>Header Files</Filter>
    </ClInclude>
    <ClInclude Include="\\mac\code\UltraVision_2\UltraVision\engine\FlagsForShaderCompile.h">
      <Filter>Header Files</Filter>
    </ClInclude>
    <ClInclude Include="\\mac\code\UltraVision_2\UltraVision\engine\forsyth.h">
      <Filter>Header Files</Filter>
    </ClInclude>
    <ClInclude Include="\\mac\code\UltraVision_2\UltraVision\engine\FrameBuffer.h">
      <Filter>Header Files</Filter>
    </ClInclude>
    <ClInclude Include="\\mac\code\UltraVision_2\UltraVision\engine\iOSLoadResource.h">
      <Filter>Header Files</Filter>
    </ClInclude>
    <ClInclude Include="\\mac\code\UltraVision_2\UltraVision\engine\Light.h">
      <Filter>Header Files</Filter>
    </ClInclude>
    <ClInclude Include="\\mac\code\UltraVision_2\UltraVision\engine\Material.h">
      <Filter>Header Files</Filter>
    </ClInclude>
    <ClInclude Include="\\mac\code\UltraVision_2\UltraVision\engine\mathLib.h">
      <Filter>Header Files</Filter>
    </ClInclude>
    <ClInclude Include="\\mac\code\UltraVision_2\UltraVision\engine\Mesh.h">
      <Filter>Header Files</Filter>
    </ClInclude>
    <ClInclude Include="\\mac\code\UltraVision_2\UltraVision\engine\MeshCache.h">
      <Filter>Header Files</Filter>
    </ClInclude>
    <ClInclude Include="\\mac\code\UltraVision_2\UltraVision\engine\Object.hpp">
      <Filter>Header Files</Filter>
    </ClInclude>
    <ClInclude Include="\\mac\code\UltraVision_2\UltraVision\engine\ParticleEmiter.hpp">
      <Filter>Header Files</Filter>
    </ClInclude>
    <ClInclude Include="\\mac\code\UltraVision_2\UltraVision\engine\ParticleSystem.hpp">
      <Filter>Header Files</Filter>
    </ClInclude>
    <ClInclude Include="\\mac\code\UltraVision_2\UltraVision\engine\pugiconfig.hpp">
      <Filter>Header Files</Filter>
    </ClInclude>
    <ClInclude Include="\\mac\code\UltraVision_2\UltraVision\engine\pugixml.hpp">
      <Filter>Header Files</Filter>
    </ClInclude>
    <ClInclude Include="\\mac\code\UltraVision_2\UltraVision\engine\PVRLoader.h">
      <Filter>Header Files</Filter>
    </ClInclude>
    <ClInclude Include="\\mac\code\UltraVision_2\UltraVision\engine\RenderDefines.h">
      <Filter>Header Files</Filter>
    </ClInclude>
    <ClInclude Include="\\mac\code\UltraVision_2\UltraVision\engine\Renderer.h">
      <Filter>Header Files</Filter>
    </ClInclude>
    <ClInclude Include="\\mac\code\UltraVision_2\UltraVision\engine\resource.h">
      <Filter>Header Files</Filter>
    </ClInclude>
    <ClInclude Include="\\mac\code\UltraVision_2\UltraVision\engine\ResourceManager.h">
      <Filter>Header Files</Filter>
    </ClInclude>
    <ClInclude Include="\\mac\code\UltraVision_2\UltraVision\engine\Scene.h">
      <Filter>Header Files</Filter>
    </ClInclude>
    <ClInclude Include="\\mac\code\UltraVision_2\UltraVision\engine\SceneChildsController.h">
      <Filter>Header Files</Filter>
    </ClInclude>
    <ClInclude Include="\\mac\code\UltraVision_2\UltraVision\engine\SceneGraph.h">
      <Filter>Header Files</Filter>
    </ClInclude>
    <ClInclude Include="\\mac\code\UltraVision_2\UltraVision\engine\SceneNode.h">
      <Filter>Header Files</Filter>
    </ClInclude>
    <ClInclude Include="\\mac\code\UltraVision_2\UltraVision\engine\ShaderCache.h">
      <Filter>Header Files</Filter>
    </ClInclude>
    <ClInclude Include="\\mac\code\UltraVision_2\UltraVision\engine\ShaderLib.h">
      <Filter>Header Files</Filter>
    </ClInclude>
    <ClInclude Include="\\mac\code\UltraVision_2\UltraVision\engine\ShaderParamsSetter.h">
      <Filter>Header Files</Filter>
    </ClInclude>
    <ClInclude Include="\\mac\code\UltraVision_2\UltraVision\engine\ShaderUtils.h">
      <Filter>Header Files</Filter>
    </ClInclude>
    <ClInclude Include="\\mac\code\UltraVision_2\UltraVision\engine\SkinnedMesh.h">
      <Filter>Header Files</Filter>
    </ClInclude>
    <ClInclude Include="\\mac\code\UltraVision_2\UltraVision\engine\SkinningMath.h">
      <Filter>Header Files</Filter>
    </ClInclude>
    <ClInclude Include="\\mac\code\UltraVision_2\UltraVision\engine\Snippets.h">
      <Filter>Header Files</Filter>
    </ClInclude>
    <ClInclude Include="\\mac\code\UltraVision_2\UltraVision\engine\SoundSystem.h">
      <Filter>Header Files</Filter>
    </ClInclude>
    <ClInclude Include="\\mac\code\UltraVision_2\UltraVision\engine\Texture.h">
      <Filter>Header Files</Filter>
    </ClInclude>
    <ClInclude Include="\\mac\code\UltraVision_2\UltraVision\engine\TextureCache.h">
      <Filter>Header Files</Filter>
    </ClInclude>
    <ClInclude Include="\\mac\code\UltraVision_2\UltraVision\engine\TGAImage.h">
      <Filter>Header Files</Filter>
    </ClInclude>
    <ClInclude Include="\\mac\code\UltraVision_2\UltraVision\engine\Types.h">
      <Filter>Header Files</Filter>
    </ClInclude>
    <ClInclude Include="\\mac\code\UltraVision_2\UltraVision\engine\Vectors.h">
      <Filter>Header Files</Filter>
    </ClInclude>
    <ClInclude Include="\\mac\code\UltraVision_2\UltraVision\engine\XAnimation.h">
      <Filter>Header Files</Filter>
    </ClInclude>
    <ClInclude Include="\\mac\code\UltraVision_2\UltraVision\engine\XAnimations.h">
      <Filter>Header Files</Filter>
    </ClInclude>
    <ClInclude Include="\\mac\code\UltraVision_2\UltraVision\engine\XAnimTypes.h">
      <Filter>Header Files</Filter>
    </ClInclude>
    <ClInclude Include="\\mac\code\UltraVision_2\UltraVision\engine\XBoundingBox.h">
      <Filter>Header Files</Filter>
    </ClInclude>
    <ClInclude Include="\\mac\code\UltraVision_2\UltraVision\engine\XCache.h">
      <Filter>Header Files</Filter>
    </ClInclude>
    <ClInclude Include="\\mac\code\UltraVision_2\UltraVision\engine\XDebugLoger.h">
      <Filter>Header Files</Filter>
    </ClInclude>
    <ClInclude Include="\\mac\code\UltraVision_2\UltraVision\engine\XFrustum.h">
      <Filter>Header Files</Filter>
    </ClInclude>
    <ClInclude Include="\\mac\code\UltraVision_2\UltraVision\engine\XGeometry.h">
      <Filter>Header Files</Filter>
    </ClInclude>
    <ClInclude Include="\\mac\code\UltraVision_2\UltraVision\engine\XGlobals.h">
      <Filter>Header Files</Filter>
    </ClInclude>
    <ClInclude Include="\\mac\code\UltraVision_2\UltraVision\engine\XMathBase.h">
      <Filter>Header Files</Filter>
    </ClInclude>
    <ClInclude Include="\\mac\code\UltraVision_2\UltraVision\engine\XMathTypes.h">
      <Filter>Header Files</Filter>
    </ClInclude>
    <ClInclude Include="\\mac\code\UltraVision_2\UltraVision\engine\XMatrix3Math.h">
      <Filter>Header Files</Filter>
    </ClInclude>
    <ClInclude Include="\\mac\code\UltraVision_2\UltraVision\engine\XMatrix4Math.h">
      <Filter>Header Files</Filter>
    </ClInclude>
    <ClInclude Include="\\mac\code\UltraVision_2\UltraVision\engine\XObject.h">
      <Filter>Header Files</Filter>
    </ClInclude>
    <ClInclude Include="\\mac\code\UltraVision_2\UltraVision\engine\XObject.hpp">
      <Filter>Header Files</Filter>
    </ClInclude>
    <ClInclude Include="\\mac\code\UltraVision_2\UltraVision\engine\XRendererDefines.h">
      <Filter>Header Files</Filter>
    </ClInclude>
    <ClInclude Include="\\mac\code\UltraVision_2\UltraVision\engine\XRenderTypes.h">
      <Filter>Header Files</Filter>
    </ClInclude>
    <ClInclude Include="\\mac\code\UltraVision_2\UltraVision\engine\XSingleton.h">
      <Filter>Header Files</Filter>
    </ClInclude>
    <ClInclude Include="\\mac\code\UltraVision_2\UltraVision\engine\XTECH-C-Interface.h">
      <Filter>Header Files</Filter>
    </ClInclude>
    <ClInclude Include="\\mac\code\UltraVision_2\UltraVision\engine\XTechEngine.h">
      <Filter>Header Files</Filter>
    </ClInclude>
    <ClInclude Include="\\mac\code\UltraVision_2\UltraVision\engine\XTypes.h">
      <Filter>Header Files</Filter>
    </ClInclude>
    <ClInclude Include="\\mac\code\UltraVision_2\UltraVision\engine\XUDID.h">
      <Filter>Header Files</Filter>
    </ClInclude>
    <ClInclude Include="\\mac\code\UltraVision_2\UltraVision\engine\XVector3Math.h">
      <Filter>Header Files</Filter>
    </ClInclude>
    <ClInclude Include="\\mac\code\UltraVision_2\UltraVision\engine\XVector4Math.h">
      <Filter>Header Files</Filter>
    </ClInclude>
    <ClInclude Include="ToolBarParticles.h">
      <Filter>Header Files</Filter>
    </ClInclude>
    <ClInclude Include="resource.h">
      <Filter>Header Files</Filter>
    </ClInclude>
    <ClInclude Include="ManipulatorInterface.h">
      <Filter>Header Files</Filter>
    </ClInclude>
    <ClInclude Include="GUIInterface.h">
      <Filter>Header Files</Filter>
    </ClInclude>
  </ItemGroup>
  <ItemGroup>
    <ClCompile Include="GraphicEngineController.cpp">
      <Filter>Source Files</Filter>
    </ClCompile>
    <ClCompile Include="GUI.cpp">
      <Filter>Source Files</Filter>
    </ClCompile>
    <ClCompile Include="GUIEventInterface.cpp">
      <Filter>Source Files</Filter>
    </ClCompile>
    <ClCompile Include="main.cpp">
      <Filter>Source Files</Filter>
    </ClCompile>
    <ClCompile Include="Manipulator.cpp">
      <Filter>Source Files</Filter>
    </ClCompile>
    <ClCompile Include="MathDeleted.cpp">
      <Filter>Source Files</Filter>
    </ClCompile>
    <ClCompile Include="ToolBarBase.cpp">
      <Filter>Source Files</Filter>
    </ClCompile>
    <ClCompile Include="ToolBarCamera.cpp">
      <Filter>Source Files</Filter>
    </ClCompile>
    <ClCompile Include="ToolBarLight.cpp">
      <Filter>Source Files</Filter>
    </ClCompile>
    <ClCompile Include="ToolBarMain.cpp">
      <Filter>Source Files</Filter>
    </ClCompile>
    <ClCompile Include="ToolBarMainTop.cpp">
      <Filter>Source Files</Filter>
    </ClCompile>
    <ClCompile Include="ToolBarMesh.cpp">
      <Filter>Source Files</Filter>
    </ClCompile>
    <ClCompile Include="ToolBarsEventInterface.cpp">
      <Filter>Source Files</Filter>
    </ClCompile>
    <ClCompile Include="UIWin32.cpp">
      <Filter>Source Files</Filter>
    </ClCompile>
    <ClCompile Include="..\..\..\..\..\box\libpng-1.6.17\example.c">
      <Filter>Source Files</Filter>
    </ClCompile>
    <ClCompile Include="..\..\..\..\..\box\libpng-1.6.17\png.c">
      <Filter>Source Files</Filter>
    </ClCompile>
    <ClCompile Include="..\..\..\..\..\box\libpng-1.6.17\pngerror.c">
      <Filter>Source Files</Filter>
    </ClCompile>
    <ClCompile Include="..\..\..\..\..\box\libpng-1.6.17\pngget.c">
      <Filter>Source Files</Filter>
    </ClCompile>
    <ClCompile Include="..\..\..\..\..\box\libpng-1.6.17\pngmem.c">
      <Filter>Source Files</Filter>
    </ClCompile>
    <ClCompile Include="..\..\..\..\..\box\libpng-1.6.17\pngpread.c">
      <Filter>Source Files</Filter>
    </ClCompile>
    <ClCompile Include="..\..\..\..\..\box\libpng-1.6.17\pngread.c">
      <Filter>Source Files</Filter>
    </ClCompile>
    <ClCompile Include="..\..\..\..\..\box\libpng-1.6.17\pngrio.c">
      <Filter>Source Files</Filter>
    </ClCompile>
    <ClCompile Include="..\..\..\..\..\box\libpng-1.6.17\pngrtran.c">
      <Filter>Source Files</Filter>
    </ClCompile>
    <ClCompile Include="..\..\..\..\..\box\libpng-1.6.17\pngrutil.c">
      <Filter>Source Files</Filter>
    </ClCompile>
    <ClCompile Include="..\..\..\..\..\box\libpng-1.6.17\pngset.c">
      <Filter>Source Files</Filter>
    </ClCompile>
    <ClCompile Include="..\..\..\..\..\box\libpng-1.6.17\pngtrans.c">
      <Filter>Source Files</Filter>
    </ClCompile>
    <ClCompile Include="..\..\..\..\..\box\libpng-1.6.17\pngwio.c">
      <Filter>Source Files</Filter>
    </ClCompile>
    <ClCompile Include="..\..\..\..\..\box\libpng-1.6.17\pngwrite.c">
      <Filter>Source Files</Filter>
    </ClCompile>
    <ClCompile Include="..\..\..\..\..\box\libpng-1.6.17\pngwtran.c">
      <Filter>Source Files</Filter>
    </ClCompile>
    <ClCompile Include="..\..\..\..\..\box\libpng-1.6.17\pngwutil.c">
      <Filter>Source Files</Filter>
    </ClCompile>
    <ClCompile Include="HistoryEvents.cpp">
      <Filter>Source Files</Filter>
    </ClCompile>
    <ClCompile Include="\\mac\code\UltraVision_2\UltraVision\engine\BaseLight.cpp">
      <Filter>Source Files</Filter>
    </ClCompile>
    <ClCompile Include="\\mac\code\UltraVision_2\UltraVision\engine\BaseRenderObject.cpp">
      <Filter>Source Files</Filter>
    </ClCompile>
    <ClCompile Include="\\mac\code\UltraVision_2\UltraVision\engine\BVH.cpp">
      <Filter>Source Files</Filter>
    </ClCompile>
    <ClCompile Include="\\mac\code\UltraVision_2\UltraVision\engine\Camera.cpp">
      <Filter>Source Files</Filter>
    </ClCompile>
    <ClCompile Include="\\mac\code\UltraVision_2\UltraVision\engine\DynamicEntity.cpp">
      <Filter>Source Files</Filter>
    </ClCompile>
    <ClCompile Include="\\mac\code\UltraVision_2\UltraVision\engine\FileLoader.cpp">
      <Filter>Source Files</Filter>
    </ClCompile>
    <ClCompile Include="\\mac\code\UltraVision_2\UltraVision\engine\forsyth.cpp">
      <Filter>Source Files</Filter>
    </ClCompile>
    <ClCompile Include="\\mac\code\UltraVision_2\UltraVision\engine\FrameBuffer.cpp">
      <Filter>Source Files</Filter>
    </ClCompile>
    <ClCompile Include="\\mac\code\UltraVision_2\UltraVision\engine\Light.cpp">
      <Filter>Source Files</Filter>
    </ClCompile>
    <ClCompile Include="\\mac\code\UltraVision_2\UltraVision\engine\Material.cpp">
      <Filter>Source Files</Filter>
    </ClCompile>
    <ClCompile Include="\\mac\code\UltraVision_2\UltraVision\engine\mathLib.c">
      <Filter>Source Files</Filter>
    </ClCompile>
    <ClCompile Include="\\mac\code\UltraVision_2\UltraVision\engine\Mesh.cpp">
      <Filter>Source Files</Filter>
    </ClCompile>
    <ClCompile Include="\\mac\code\UltraVision_2\UltraVision\engine\MeshCache.cpp">
      <Filter>Source Files</Filter>
    </ClCompile>
    <ClCompile Include="\\mac\code\UltraVision_2\UltraVision\engine\Object.cpp">
      <Filter>Source Files</Filter>
    </ClCompile>
    <ClCompile Include="\\mac\code\UltraVision_2\UltraVision\engine\ParticleEmiter.cpp">
      <Filter>Source Files</Filter>
    </ClCompile>
    <ClCompile Include="\\mac\code\UltraVision_2\UltraVision\engine\ParticleSystem.cpp">
      <Filter>Source Files</Filter>
    </ClCompile>
    <ClCompile Include="\\mac\code\UltraVision_2\UltraVision\engine\pugixml.cpp">
      <Filter>Source Files</Filter>
    </ClCompile>
    <ClCompile Include="\\mac\code\UltraVision_2\UltraVision\engine\PVRLoader.cpp">
      <Filter>Source Files</Filter>
    </ClCompile>
    <ClCompile Include="\\mac\code\UltraVision_2\UltraVision\engine\Renderer.cpp">
      <Filter>Source Files</Filter>
    </ClCompile>
    <ClCompile Include="\\mac\code\UltraVision_2\UltraVision\engine\ResourceManager.cpp">
      <Filter>Source Files</Filter>
    </ClCompile>
    <ClCompile Include="\\mac\code\UltraVision_2\UltraVision\engine\Scene.cpp">
      <Filter>Source Files</Filter>
    </ClCompile>
    <ClCompile Include="\\mac\code\UltraVision_2\UltraVision\engine\SceneChildsController.cpp">
      <Filter>Source Files</Filter>
    </ClCompile>
    <ClCompile Include="\\mac\code\UltraVision_2\UltraVision\engine\SceneGraph.cpp">
      <Filter>Source Files</Filter>
    </ClCompile>
    <ClCompile Include="\\mac\code\UltraVision_2\UltraVision\engine\SceneNode.cpp">
      <Filter>Source Files</Filter>
    </ClCompile>
    <ClCompile Include="\\mac\code\UltraVision_2\UltraVision\engine\ShaderCache.cpp">
      <Filter>Source Files</Filter>
    </ClCompile>
    <ClCompile Include="\\mac\code\UltraVision_2\UltraVision\engine\ShaderLib.cpp">
      <Filter>Source Files</Filter>
    </ClCompile>
    <ClCompile Include="\\mac\code\UltraVision_2\UltraVision\engine\ShaderParamsSetter.cpp">
      <Filter>Source Files</Filter>
    </ClCompile>
    <ClCompile Include="\\mac\code\UltraVision_2\UltraVision\engine\ShaderUtils.cpp">
      <Filter>Source Files</Filter>
    </ClCompile>
    <ClCompile Include="\\mac\code\UltraVision_2\UltraVision\engine\SkinnedMesh.cpp">
      <Filter>Source Files</Filter>
    </ClCompile>
    <ClCompile Include="\\mac\code\UltraVision_2\UltraVision\engine\SkinningMath.cpp">
      <Filter>Source Files</Filter>
    </ClCompile>
    <ClCompile Include="\\mac\code\UltraVision_2\UltraVision\engine\SoundSystem.cpp">
      <Filter>Source Files</Filter>
    </ClCompile>
    <ClCompile Include="\\mac\code\UltraVision_2\UltraVision\engine\Texture.cpp">
      <Filter>Source Files</Filter>
    </ClCompile>
    <ClCompile Include="\\mac\code\UltraVision_2\UltraVision\engine\TextureCache.cpp">
      <Filter>Source Files</Filter>
    </ClCompile>
    <ClCompile Include="\\mac\code\UltraVision_2\UltraVision\engine\TGAImage.cpp">
      <Filter>Source Files</Filter>
    </ClCompile>
    <ClCompile Include="\\mac\code\UltraVision_2\UltraVision\engine\XAnimation.cpp">
      <Filter>Source Files</Filter>
    </ClCompile>
    <ClCompile Include="\\mac\code\UltraVision_2\UltraVision\engine\XAnimations.cpp">
      <Filter>Source Files</Filter>
    </ClCompile>
    <ClCompile Include="\\mac\code\UltraVision_2\UltraVision\engine\XBoundingBox.cpp">
      <Filter>Source Files</Filter>
    </ClCompile>
    <ClCompile Include="\\mac\code\UltraVision_2\UltraVision\engine\XCache.cpp">
      <Filter>Source Files</Filter>
    </ClCompile>
    <ClCompile Include="\\mac\code\UltraVision_2\UltraVision\engine\XDebugLoger.cpp">
      <Filter>Source Files</Filter>
    </ClCompile>
    <ClCompile Include="\\mac\code\UltraVision_2\UltraVision\engine\XFrustum.cpp">
      <Filter>Source Files</Filter>
    </ClCompile>
    <ClCompile Include="\\mac\code\UltraVision_2\UltraVision\engine\XGeometry.cpp">
      <Filter>Source Files</Filter>
    </ClCompile>
    <ClCompile Include="\\mac\code\UltraVision_2\UltraVision\engine\XMathBase.cpp">
      <Filter>Source Files</Filter>
    </ClCompile>
    <ClCompile Include="\\mac\code\UltraVision_2\UltraVision\engine\XMathTypes.cpp">
      <Filter>Source Files</Filter>
    </ClCompile>
    <ClCompile Include="\\mac\code\UltraVision_2\UltraVision\engine\XObject.cpp">
      <Filter>Source Files</Filter>
    </ClCompile>
    <ClCompile Include="\\mac\code\UltraVision_2\UltraVision\engine\XTypes.cpp">
      <Filter>Source Files</Filter>
    </ClCompile>
    <ClCompile Include="ToolBarParticles.cpp">
      <Filter>Source Files</Filter>
    </ClCompile>
    <ClCompile Include="ManipulatorInterface.cpp">
      <Filter>Source Files</Filter>
    </ClCompile>
    <ClCompile Include="GUIInterface.cpp">
      <Filter>Source Files</Filter>
    </ClCompile>
  </ItemGroup>
  <ItemGroup>
    <Image Include="toolbar1.bmp">
      <Filter>Resource Files</Filter>
    </Image>
  </ItemGroup>
  <ItemGroup>
    <ResourceCompile Include="XTechEditor.rc">
      <Filter>Resource Files</Filter>
    </ResourceCompile>
  </ItemGroup>
  <ItemGroup>
    <None Include="\\mac\code\UltraVision_2\UltraVision\engine\Info.plist" />
    <None Include="\\mac\code\UltraVision_2\UltraVision\engine\iOSLoadResource.mm" />
    <None Include="\\mac\code\UltraVision_2\UltraVision\engine\XTechEngine.m" />
  </ItemGroup>
</Project>